
Microsoft Visual Studio Solution File, Format Version 12.00
# Visual Studio Version 16
VisualStudioVersion = 16.0.29230.47
MinimumVisualStudioVersion = 10.0.40219.1
Project("{9A19103F-16F7-4668-BE54-9A1E7A4F7556}") = "Tone.LibraryManagement.Data", "Tone.LibraryManagement.Data\Tone.LibraryManagement.Data.csproj", "{1BBEA4E9-0742-4FE8-968B-80A6BDAE4210}"
EndProject
Project("{9A19103F-16F7-4668-BE54-9A1E7A4F7556}") = "Tone.LibraryManagement.Core", "Tone.LibraryManagement.Core\Tone.LibraryManagement.Core.csproj", "{6300AEE3-60C2-4CF3-AE10-49C4E5C9E67E}"
EndProject
Project("{9A19103F-16F7-4668-BE54-9A1E7A4F7556}") = "Tone.LibraryManagement.AWS.Services", "Tone.LibraryManagement.AWS.Services\Tone.LibraryManagement.AWS.Services.csproj", "{517E290F-2530-4458-8D25-70B7E7D4A5C8}"
EndProject
Project("{9A19103F-16F7-4668-BE54-9A1E7A4F7556}") = "Tone.LibraryManagement.Azure.Services", "Tone.LibraryManagement.Azure.Services\Tone.LibraryManagement.Azure.Services.csproj", "{29069D45-C680-4DE2-9554-B7D0ED618273}"
EndProject
Project("{9A19103F-16F7-4668-BE54-9A1E7A4F7556}") = "Tone.LibraryManagement.MVC", "Tone.LibraryManagement.MVC\Tone.LibraryManagement.MVC.csproj", "{AAAA28AD-6394-4EB3-84DC-0577D7041722}"
EndProject
Project("{FAE04EC0-301F-11D3-BF4B-00C04F79EFBC}") = "Tone.LibraryManagement.Api", "Tone.LibraryManagement.Api\Tone.LibraryManagement.Api.csproj", "{4B8DCC80-80F7-4AD7-A59D-25702F285895}"
EndProject
Global
	GlobalSection(SolutionConfigurationPlatforms) = preSolution
		Debug|Any CPU = Debug|Any CPU
		Release|Any CPU = Release|Any CPU
	EndGlobalSection
	GlobalSection(ProjectConfigurationPlatforms) = postSolution
		{1BBEA4E9-0742-4FE8-968B-80A6BDAE4210}.Debug|Any CPU.ActiveCfg = Debug|Any CPU
		{1BBEA4E9-0742-4FE8-968B-80A6BDAE4210}.Debug|Any CPU.Build.0 = Debug|Any CPU
		{1BBEA4E9-0742-4FE8-968B-80A6BDAE4210}.Release|Any CPU.ActiveCfg = Release|Any CPU
		{1BBEA4E9-0742-4FE8-968B-80A6BDAE4210}.Release|Any CPU.Build.0 = Release|Any CPU
		{6300AEE3-60C2-4CF3-AE10-49C4E5C9E67E}.Debug|Any CPU.ActiveCfg = Debug|Any CPU
		{6300AEE3-60C2-4CF3-AE10-49C4E5C9E67E}.Debug|Any CPU.Build.0 = Debug|Any CPU
		{6300AEE3-60C2-4CF3-AE10-49C4E5C9E67E}.Release|Any CPU.ActiveCfg = Release|Any CPU
		{6300AEE3-60C2-4CF3-AE10-49C4E5C9E67E}.Release|Any CPU.Build.0 = Release|Any CPU
		{517E290F-2530-4458-8D25-70B7E7D4A5C8}.Debug|Any CPU.ActiveCfg = Debug|Any CPU
		{517E290F-2530-4458-8D25-70B7E7D4A5C8}.Debug|Any CPU.Build.0 = Debug|Any CPU
		{517E290F-2530-4458-8D25-70B7E7D4A5C8}.Release|Any CPU.ActiveCfg = Release|Any CPU
		{517E290F-2530-4458-8D25-70B7E7D4A5C8}.Release|Any CPU.Build.0 = Release|Any CPU
		{29069D45-C680-4DE2-9554-B7D0ED618273}.Debug|Any CPU.ActiveCfg = Debug|Any CPU
		{29069D45-C680-4DE2-9554-B7D0ED618273}.Debug|Any CPU.Build.0 = Debug|Any CPU
		{29069D45-C680-4DE2-9554-B7D0ED618273}.Release|Any CPU.ActiveCfg = Release|Any CPU
		{29069D45-C680-4DE2-9554-B7D0ED618273}.Release|Any CPU.Build.0 = Release|Any CPU
		{AAAA28AD-6394-4EB3-84DC-0577D7041722}.Debug|Any CPU.ActiveCfg = Debug|Any CPU
		{AAAA28AD-6394-4EB3-84DC-0577D7041722}.Debug|Any CPU.Build.0 = Debug|Any CPU
		{AAAA28AD-6394-4EB3-84DC-0577D7041722}.Release|Any CPU.ActiveCfg = Release|Any CPU
		{AAAA28AD-6394-4EB3-84DC-0577D7041722}.Release|Any CPU.Build.0 = Release|Any CPU
		{4B8DCC80-80F7-4AD7-A59D-25702F285895}.Debug|Any CPU.ActiveCfg = Debug|Any CPU
		{4B8DCC80-80F7-4AD7-A59D-25702F285895}.Debug|Any CPU.Build.0 = Debug|Any CPU
		{4B8DCC80-80F7-4AD7-A59D-25702F285895}.Release|Any CPU.ActiveCfg = Release|Any CPU
		{4B8DCC80-80F7-4AD7-A59D-25702F285895}.Release|Any CPU.Build.0 = Release|Any CPU
	EndGlobalSection
	GlobalSection(SolutionProperties) = preSolution
		HideSolutionNode = FALSE
	EndGlobalSection
	GlobalSection(ExtensibilityGlobals) = postSolution
		SolutionGuid = {CA3E236B-27EA-42E3-BC32-BF0FE5214EE5}
	EndGlobalSection
EndGlobal
